// !$*UTF8*$!
{
	archiveVersion = 1;
	classes = {
	};
	objectVersion = 56;
	objects = {

/* Begin PBXBuildFile section */
		FD1F8098296E97DA00452116 /* CookieListView.swift in Sources */ = {isa = PBXBuildFile; fileRef = FD1F8097296E97DA00452116 /* CookieListView.swift */; };
		FD254FBE296B16BC00B26C82 /* TimelineView.swift in Sources */ = {isa = PBXBuildFile; fileRef = FD254FBD296B16BC00B26C82 /* TimelineView.swift */; };
		FD254FC0296B16C900B26C82 /* ForumsView.swift in Sources */ = {isa = PBXBuildFile; fileRef = FD254FBF296B16C900B26C82 /* ForumsView.swift */; };
		FD254FC2296B16D500B26C82 /* SettingsView.swift in Sources */ = {isa = PBXBuildFile; fileRef = FD254FC1296B16D500B26C82 /* SettingsView.swift */; };
		FD254FC5296B233000B26C82 /* Localizable.strings in Resources */ = {isa = PBXBuildFile; fileRef = FD254FC7296B233000B26C82 /* Localizable.strings */; };
		FD254FCA296B2CAA00B26C82 /* FavouritesView.swift in Sources */ = {isa = PBXBuildFile; fileRef = FD254FC9296B2CAA00B26C82 /* FavouritesView.swift */; };
		FD254FCF296BE27900B26C82 /* Constants.swift in Sources */ = {isa = PBXBuildFile; fileRef = FD254FCE296BE27900B26C82 /* Constants.swift */; };
		FD254FD1296BED5D00B26C82 /* Helpers.swift in Sources */ = {isa = PBXBuildFile; fileRef = FD254FD0296BED5D00B26C82 /* Helpers.swift */; };
		FD254FD3296BFB0400B26C82 /* Extensions.swift in Sources */ = {isa = PBXBuildFile; fileRef = FD254FD2296BFB0400B26C82 /* Extensions.swift */; };
		FD8E4E852960A27F0091782A /* iXlandApp.swift in Sources */ = {isa = PBXBuildFile; fileRef = FD8E4E842960A27F0091782A /* iXlandApp.swift */; };
		FD8E4E872960A27F0091782A /* ContentView.swift in Sources */ = {isa = PBXBuildFile; fileRef = FD8E4E862960A27F0091782A /* ContentView.swift */; };
		FD8E4E892960A2800091782A /* Assets.xcassets in Resources */ = {isa = PBXBuildFile; fileRef = FD8E4E882960A2800091782A /* Assets.xcassets */; };
		FD8E4E8C2960A2800091782A /* Preview Assets.xcassets in Resources */ = {isa = PBXBuildFile; fileRef = FD8E4E8B2960A2800091782A /* Preview Assets.xcassets */; };
		FD8E4E8E2960A2800091782A /* Persistence.swift in Sources */ = {isa = PBXBuildFile; fileRef = FD8E4E8D2960A2800091782A /* Persistence.swift */; };
		FD8E4E912960A2800091782A /* iXland.xcdatamodeld in Sources */ = {isa = PBXBuildFile; fileRef = FD8E4E8F2960A2800091782A /* iXland.xcdatamodeld */; };
		FD8E4E9C2960A2800091782A /* iXlandTests.swift in Sources */ = {isa = PBXBuildFile; fileRef = FD8E4E9B2960A2800091782A /* iXlandTests.swift */; };
		FD8E4EA62960A2800091782A /* iXlandUITests.swift in Sources */ = {isa = PBXBuildFile; fileRef = FD8E4EA52960A2800091782A /* iXlandUITests.swift */; };
		FD8E4EA82960A2800091782A /* iXlandUITestsLaunchTests.swift in Sources */ = {isa = PBXBuildFile; fileRef = FD8E4EA72960A2800091782A /* iXlandUITestsLaunchTests.swift */; };
		FD93D05B2966B0E700279A30 /* ForumGroup.swift in Sources */ = {isa = PBXBuildFile; fileRef = FD93D05A2966B0E700279A30 /* ForumGroup.swift */; };
		FD979FA0296EBBFF00011B72 /* GlobalState.swift in Sources */ = {isa = PBXBuildFile; fileRef = FD979F9F296EBBFF00011B72 /* GlobalState.swift */; };
		FDAE30F8296C4DEE006252EF /* AnoBbsCookie.swift in Sources */ = {isa = PBXBuildFile; fileRef = FDAE30F7296C4DEE006252EF /* AnoBbsCookie.swift */; };
		FDAE30FB296C4F12006252EF /* CodeScanner in Frameworks */ = {isa = PBXBuildFile; productRef = FDAE30FA296C4F12006252EF /* CodeScanner */; };
		FDAE30FE296C5C4B006252EF /* Errors.swift in Sources */ = {isa = PBXBuildFile; fileRef = FDAE30FD296C5C4B006252EF /* Errors.swift */; };
		FDAE3101296C6241006252EF /* AlertToast in Frameworks */ = {isa = PBXBuildFile; productRef = FDAE3100296C6241006252EF /* AlertToast */; };
		FDAE310C296D61DF006252EF /* ImagePickerView in Frameworks */ = {isa = PBXBuildFile; productRef = FDAE310B296D61DF006252EF /* ImagePickerView */; };
		FDAE310F296D62C5006252EF /* ZXingObjC in Frameworks */ = {isa = PBXBuildFile; productRef = FDAE310E296D62C5006252EF /* ZXingObjC */; };
/* End PBXBuildFile section */

/* Begin PBXContainerItemProxy section */
		FD8E4E982960A2800091782A /* PBXContainerItemProxy */ = {
			isa = PBXContainerItemProxy;
			containerPortal = FD8E4E792960A27F0091782A /* Project object */;
			proxyType = 1;
			remoteGlobalIDString = FD8E4E802960A27F0091782A;
			remoteInfo = iXland;
		};
		FD8E4EA22960A2800091782A /* PBXContainerItemProxy */ = {
			isa = PBXContainerItemProxy;
			containerPortal = FD8E4E792960A27F0091782A /* Project object */;
			proxyType = 1;
			remoteGlobalIDString = FD8E4E802960A27F0091782A;
			remoteInfo = iXland;
		};
/* End PBXContainerItemProxy section */

/* Begin PBXFileReference section */
		FD1F8097296E97DA00452116 /* CookieListView.swift */ = {isa = PBXFileReference; lastKnownFileType = sourcecode.swift; path = CookieListView.swift; sourceTree = "<group>"; };
		FD254FBD296B16BC00B26C82 /* TimelineView.swift */ = {isa = PBXFileReference; lastKnownFileType = sourcecode.swift; path = TimelineView.swift; sourceTree = "<group>"; };
		FD254FBF296B16C900B26C82 /* ForumsView.swift */ = {isa = PBXFileReference; lastKnownFileType = sourcecode.swift; path = ForumsView.swift; sourceTree = "<group>"; };
		FD254FC1296B16D500B26C82 /* SettingsView.swift */ = {isa = PBXFileReference; lastKnownFileType = sourcecode.swift; path = SettingsView.swift; sourceTree = "<group>"; };
		FD254FC6296B233000B26C82 /* zh-Hans */ = {isa = PBXFileReference; lastKnownFileType = text.plist.strings; name = "zh-Hans"; path = "zh-Hans.lproj/Localizable.strings"; sourceTree = "<group>"; };
		FD254FC8296B233700B26C82 /* en */ = {isa = PBXFileReference; lastKnownFileType = text.plist.strings; name = en; path = en.lproj/Localizable.strings; sourceTree = "<group>"; };
		FD254FC9296B2CAA00B26C82 /* FavouritesView.swift */ = {isa = PBXFileReference; lastKnownFileType = sourcecode.swift; path = FavouritesView.swift; sourceTree = "<group>"; };
		FD254FCE296BE27900B26C82 /* Constants.swift */ = {isa = PBXFileReference; lastKnownFileType = sourcecode.swift; path = Constants.swift; sourceTree = "<group>"; };
		FD254FD0296BED5D00B26C82 /* Helpers.swift */ = {isa = PBXFileReference; lastKnownFileType = sourcecode.swift; path = Helpers.swift; sourceTree = "<group>"; };
		FD254FD2296BFB0400B26C82 /* Extensions.swift */ = {isa = PBXFileReference; lastKnownFileType = sourcecode.swift; path = Extensions.swift; sourceTree = "<group>"; };
		FD8E4E812960A27F0091782A /* iXland.app */ = {isa = PBXFileReference; explicitFileType = wrapper.application; includeInIndex = 0; path = iXland.app; sourceTree = BUILT_PRODUCTS_DIR; };
		FD8E4E842960A27F0091782A /* iXlandApp.swift */ = {isa = PBXFileReference; lastKnownFileType = sourcecode.swift; path = iXlandApp.swift; sourceTree = "<group>"; };
		FD8E4E862960A27F0091782A /* ContentView.swift */ = {isa = PBXFileReference; lastKnownFileType = sourcecode.swift; path = ContentView.swift; sourceTree = "<group>"; };
		FD8E4E882960A2800091782A /* Assets.xcassets */ = {isa = PBXFileReference; lastKnownFileType = folder.assetcatalog; path = Assets.xcassets; sourceTree = "<group>"; };
		FD8E4E8B2960A2800091782A /* Preview Assets.xcassets */ = {isa = PBXFileReference; lastKnownFileType = folder.assetcatalog; path = "Preview Assets.xcassets"; sourceTree = "<group>"; };
		FD8E4E8D2960A2800091782A /* Persistence.swift */ = {isa = PBXFileReference; lastKnownFileType = sourcecode.swift; path = Persistence.swift; sourceTree = "<group>"; };
		FD8E4E902960A2800091782A /* iXland.xcdatamodel */ = {isa = PBXFileReference; lastKnownFileType = wrapper.xcdatamodel; path = iXland.xcdatamodel; sourceTree = "<group>"; };
		FD8E4E972960A2800091782A /* iXlandTests.xctest */ = {isa = PBXFileReference; explicitFileType = wrapper.cfbundle; includeInIndex = 0; path = iXlandTests.xctest; sourceTree = BUILT_PRODUCTS_DIR; };
		FD8E4E9B2960A2800091782A /* iXlandTests.swift */ = {isa = PBXFileReference; lastKnownFileType = sourcecode.swift; path = iXlandTests.swift; sourceTree = "<group>"; };
		FD8E4EA12960A2800091782A /* iXlandUITests.xctest */ = {isa = PBXFileReference; explicitFileType = wrapper.cfbundle; includeInIndex = 0; path = iXlandUITests.xctest; sourceTree = BUILT_PRODUCTS_DIR; };
		FD8E4EA52960A2800091782A /* iXlandUITests.swift */ = {isa = PBXFileReference; lastKnownFileType = sourcecode.swift; path = iXlandUITests.swift; sourceTree = "<group>"; };
		FD8E4EA72960A2800091782A /* iXlandUITestsLaunchTests.swift */ = {isa = PBXFileReference; lastKnownFileType = sourcecode.swift; path = iXlandUITestsLaunchTests.swift; sourceTree = "<group>"; };
		FD93D05A2966B0E700279A30 /* ForumGroup.swift */ = {isa = PBXFileReference; lastKnownFileType = sourcecode.swift; path = ForumGroup.swift; sourceTree = "<group>"; };
		FD979F9F296EBBFF00011B72 /* GlobalState.swift */ = {isa = PBXFileReference; lastKnownFileType = sourcecode.swift; path = GlobalState.swift; sourceTree = "<group>"; };
		FDAE30F7296C4DEE006252EF /* AnoBbsCookie.swift */ = {isa = PBXFileReference; lastKnownFileType = sourcecode.swift; path = AnoBbsCookie.swift; sourceTree = "<group>"; };
		FDAE30FD296C5C4B006252EF /* Errors.swift */ = {isa = PBXFileReference; lastKnownFileType = sourcecode.swift; path = Errors.swift; sourceTree = "<group>"; };
		FDAE3105296C72F7006252EF /* en */ = {isa = PBXFileReference; lastKnownFileType = text.plist.strings; name = en; path = en.lproj/InfoPlist.strings; sourceTree = "<group>"; };
		FDAE3107296C72F9006252EF /* zh-Hans */ = {isa = PBXFileReference; lastKnownFileType = text.plist.strings; name = "zh-Hans"; path = "zh-Hans.lproj/InfoPlist.strings"; sourceTree = "<group>"; };
		FDAE3108296C747D006252EF /* Info.plist */ = {isa = PBXFileReference; fileEncoding = 4; lastKnownFileType = text.plist.xml; name = Info.plist; path = iXland/Info.plist; sourceTree = "<group>"; };
/* End PBXFileReference section */

/* Begin PBXFrameworksBuildPhase section */
		FD8E4E7E2960A27F0091782A /* Frameworks */ = {
			isa = PBXFrameworksBuildPhase;
			buildActionMask = 2147483647;
			files = (
				FDAE310C296D61DF006252EF /* ImagePickerView in Frameworks */,
				FDAE30FB296C4F12006252EF /* CodeScanner in Frameworks */,
				FDAE3101296C6241006252EF /* AlertToast in Frameworks */,
				FDAE310F296D62C5006252EF /* ZXingObjC in Frameworks */,
			);
			runOnlyForDeploymentPostprocessing = 0;
		};
		FD8E4E942960A2800091782A /* Frameworks */ = {
			isa = PBXFrameworksBuildPhase;
			buildActionMask = 2147483647;
			files = (
			);
			runOnlyForDeploymentPostprocessing = 0;
		};
		FD8E4E9E2960A2800091782A /* Frameworks */ = {
			isa = PBXFrameworksBuildPhase;
			buildActionMask = 2147483647;
			files = (
			);
			runOnlyForDeploymentPostprocessing = 0;
		};
/* End PBXFrameworksBuildPhase section */

/* Begin PBXGroup section */
		FD254FBC296B169C00B26C82 /* Views */ = {
			isa = PBXGroup;
			children = (
				FD254FBD296B16BC00B26C82 /* TimelineView.swift */,
				FD254FBF296B16C900B26C82 /* ForumsView.swift */,
				FD254FC1296B16D500B26C82 /* SettingsView.swift */,
				FD254FC9296B2CAA00B26C82 /* FavouritesView.swift */,
				FD1F8097296E97DA00452116 /* CookieListView.swift */,
			);
			path = Views;
			sourceTree = "<group>";
		};
		FD8E4E782960A27F0091782A = {
			isa = PBXGroup;
			children = (
				FDAE3108296C747D006252EF /* Info.plist */,
				FDAE3106296C72F7006252EF /* InfoPlist.strings */,
				FD8E4E832960A27F0091782A /* iXland */,
				FD8E4E9A2960A2800091782A /* iXlandTests */,
				FD8E4EA42960A2800091782A /* iXlandUITests */,
				FD8E4E822960A27F0091782A /* Products */,
			);
			sourceTree = "<group>";
		};
		FD8E4E822960A27F0091782A /* Products */ = {
			isa = PBXGroup;
			children = (
				FD8E4E812960A27F0091782A /* iXland.app */,
				FD8E4E972960A2800091782A /* iXlandTests.xctest */,
				FD8E4EA12960A2800091782A /* iXlandUITests.xctest */,
			);
			name = Products;
			sourceTree = "<group>";
		};
		FD8E4E832960A27F0091782A /* iXland */ = {
			isa = PBXGroup;
			children = (
				FD254FBC296B169C00B26C82 /* Views */,
				FD93D0592966B08D00279A30 /* Models */,
				FD8E4E842960A27F0091782A /* iXlandApp.swift */,
				FD8E4E882960A2800091782A /* Assets.xcassets */,
				FD8E4E8D2960A2800091782A /* Persistence.swift */,
				FD8E4E8F2960A2800091782A /* iXland.xcdatamodeld */,
				FD8E4E8A2960A2800091782A /* Preview Content */,
				FD254FC7296B233000B26C82 /* Localizable.strings */,
				FD254FCE296BE27900B26C82 /* Constants.swift */,
				FD8E4E862960A27F0091782A /* ContentView.swift */,
				FD254FD0296BED5D00B26C82 /* Helpers.swift */,
				FD254FD2296BFB0400B26C82 /* Extensions.swift */,
				FDAE30FD296C5C4B006252EF /* Errors.swift */,
				FD979F9F296EBBFF00011B72 /* GlobalState.swift */,
			);
			path = iXland;
			sourceTree = "<group>";
		};
		FD8E4E8A2960A2800091782A /* Preview Content */ = {
			isa = PBXGroup;
			children = (
				FD8E4E8B2960A2800091782A /* Preview Assets.xcassets */,
			);
			path = "Preview Content";
			sourceTree = "<group>";
		};
		FD8E4E9A2960A2800091782A /* iXlandTests */ = {
			isa = PBXGroup;
			children = (
				FD8E4E9B2960A2800091782A /* iXlandTests.swift */,
			);
			path = iXlandTests;
			sourceTree = "<group>";
		};
		FD8E4EA42960A2800091782A /* iXlandUITests */ = {
			isa = PBXGroup;
			children = (
				FD8E4EA52960A2800091782A /* iXlandUITests.swift */,
				FD8E4EA72960A2800091782A /* iXlandUITestsLaunchTests.swift */,
			);
			path = iXlandUITests;
			sourceTree = "<group>";
		};
		FD93D0592966B08D00279A30 /* Models */ = {
			isa = PBXGroup;
			children = (
				FD93D05A2966B0E700279A30 /* ForumGroup.swift */,
				FDAE30F7296C4DEE006252EF /* AnoBbsCookie.swift */,
			);
			path = Models;
			sourceTree = "<group>";
		};
/* End PBXGroup section */

/* Begin PBXNativeTarget section */
		FD8E4E802960A27F0091782A /* iXland */ = {
			isa = PBXNativeTarget;
			buildConfigurationList = FD8E4EAB2960A2800091782A /* Build configuration list for PBXNativeTarget "iXland" */;
			buildPhases = (
				FD8E4E7D2960A27F0091782A /* Sources */,
				FD8E4E7E2960A27F0091782A /* Frameworks */,
				FD8E4E7F2960A27F0091782A /* Resources */,
			);
			buildRules = (
			);
			dependencies = (
			);
			name = iXland;
			packageProductDependencies = (
				FDAE30FA296C4F12006252EF /* CodeScanner */,
				FDAE3100296C6241006252EF /* AlertToast */,
				FDAE310B296D61DF006252EF /* ImagePickerView */,
				FDAE310E296D62C5006252EF /* ZXingObjC */,
			);
			productName = iXland;
			productReference = FD8E4E812960A27F0091782A /* iXland.app */;
			productType = "com.apple.product-type.application";
		};
		FD8E4E962960A2800091782A /* iXlandTests */ = {
			isa = PBXNativeTarget;
			buildConfigurationList = FD8E4EAE2960A2800091782A /* Build configuration list for PBXNativeTarget "iXlandTests" */;
			buildPhases = (
				FD8E4E932960A2800091782A /* Sources */,
				FD8E4E942960A2800091782A /* Frameworks */,
				FD8E4E952960A2800091782A /* Resources */,
			);
			buildRules = (
			);
			dependencies = (
				FD8E4E992960A2800091782A /* PBXTargetDependency */,
			);
			name = iXlandTests;
			productName = iXlandTests;
			productReference = FD8E4E972960A2800091782A /* iXlandTests.xctest */;
			productType = "com.apple.product-type.bundle.unit-test";
		};
		FD8E4EA02960A2800091782A /* iXlandUITests */ = {
			isa = PBXNativeTarget;
			buildConfigurationList = FD8E4EB12960A2800091782A /* Build configuration list for PBXNativeTarget "iXlandUITests" */;
			buildPhases = (
				FD8E4E9D2960A2800091782A /* Sources */,
				FD8E4E9E2960A2800091782A /* Frameworks */,
				FD8E4E9F2960A2800091782A /* Resources */,
			);
			buildRules = (
			);
			dependencies = (
				FD8E4EA32960A2800091782A /* PBXTargetDependency */,
			);
			name = iXlandUITests;
			productName = iXlandUITests;
			productReference = FD8E4EA12960A2800091782A /* iXlandUITests.xctest */;
			productType = "com.apple.product-type.bundle.ui-testing";
		};
/* End PBXNativeTarget section */

/* Begin PBXProject section */
		FD8E4E792960A27F0091782A /* Project object */ = {
			isa = PBXProject;
			attributes = {
				BuildIndependentTargetsInParallel = 1;
				LastSwiftUpdateCheck = 1420;
				LastUpgradeCheck = 1420;
				TargetAttributes = {
					FD8E4E802960A27F0091782A = {
						CreatedOnToolsVersion = 14.2;
					};
					FD8E4E962960A2800091782A = {
						CreatedOnToolsVersion = 14.2;
						TestTargetID = FD8E4E802960A27F0091782A;
					};
					FD8E4EA02960A2800091782A = {
						CreatedOnToolsVersion = 14.2;
						TestTargetID = FD8E4E802960A27F0091782A;
					};
				};
			};
			buildConfigurationList = FD8E4E7C2960A27F0091782A /* Build configuration list for PBXProject "iXland" */;
			compatibilityVersion = "Xcode 14.0";
			developmentRegion = en;
			hasScannedForEncodings = 0;
			knownRegions = (
				en,
				"zh-Hans",
			);
			mainGroup = FD8E4E782960A27F0091782A;
			packageReferences = (
				FDAE30F9296C4F12006252EF /* XCRemoteSwiftPackageReference "CodeScanner" */,
				FDAE30FF296C6241006252EF /* XCRemoteSwiftPackageReference "AlertToast" */,
				FDAE310A296D61DF006252EF /* XCRemoteSwiftPackageReference "ImagePickerView" */,
				FDAE310D296D62C5006252EF /* XCRemoteSwiftPackageReference "zxingify-objc" */,
			);
			productRefGroup = FD8E4E822960A27F0091782A /* Products */;
			projectDirPath = "";
			projectRoot = "";
			targets = (
				FD8E4E802960A27F0091782A /* iXland */,
				FD8E4E962960A2800091782A /* iXlandTests */,
				FD8E4EA02960A2800091782A /* iXlandUITests */,
			);
		};
/* End PBXProject section */

/* Begin PBXResourcesBuildPhase section */
		FD8E4E7F2960A27F0091782A /* Resources */ = {
			isa = PBXResourcesBuildPhase;
			buildActionMask = 2147483647;
			files = (
				FD8E4E8C2960A2800091782A /* Preview Assets.xcassets in Resources */,
				FD254FC5296B233000B26C82 /* Localizable.strings in Resources */,
				FD8E4E892960A2800091782A /* Assets.xcassets in Resources */,
			);
			runOnlyForDeploymentPostprocessing = 0;
		};
		FD8E4E952960A2800091782A /* Resources */ = {
			isa = PBXResourcesBuildPhase;
			buildActionMask = 2147483647;
			files = (
			);
			runOnlyForDeploymentPostprocessing = 0;
		};
		FD8E4E9F2960A2800091782A /* Resources */ = {
			isa = PBXResourcesBuildPhase;
			buildActionMask = 2147483647;
			files = (
			);
			runOnlyForDeploymentPostprocessing = 0;
		};
/* End PBXResourcesBuildPhase section */

/* Begin PBXSourcesBuildPhase section */
		FD8E4E7D2960A27F0091782A /* Sources */ = {
			isa = PBXSourcesBuildPhase;
			buildActionMask = 2147483647;
			files = (
				FD8E4E8E2960A2800091782A /* Persistence.swift in Sources */,
				FD254FCA296B2CAA00B26C82 /* FavouritesView.swift in Sources */,
				FD1F8098296E97DA00452116 /* CookieListView.swift in Sources */,
				FDAE30F8296C4DEE006252EF /* AnoBbsCookie.swift in Sources */,
				FD254FC2296B16D500B26C82 /* SettingsView.swift in Sources */,
				FD254FC0296B16C900B26C82 /* ForumsView.swift in Sources */,
				FD254FBE296B16BC00B26C82 /* TimelineView.swift in Sources */,
				FDAE30FE296C5C4B006252EF /* Errors.swift in Sources */,
				FD254FCF296BE27900B26C82 /* Constants.swift in Sources */,
				FD8E4E872960A27F0091782A /* ContentView.swift in Sources */,
				FD254FD3296BFB0400B26C82 /* Extensions.swift in Sources */,
				FD8E4E852960A27F0091782A /* iXlandApp.swift in Sources */,
				FD254FD1296BED5D00B26C82 /* Helpers.swift in Sources */,
				FD93D05B2966B0E700279A30 /* ForumGroup.swift in Sources */,
				FD979FA0296EBBFF00011B72 /* GlobalState.swift in Sources */,
				FD8E4E912960A2800091782A /* iXland.xcdatamodeld in Sources */,
			);
			runOnlyForDeploymentPostprocessing = 0;
		};
		FD8E4E932960A2800091782A /* Sources */ = {
			isa = PBXSourcesBuildPhase;
			buildActionMask = 2147483647;
			files = (
				FD8E4E9C2960A2800091782A /* iXlandTests.swift in Sources */,
			);
			runOnlyForDeploymentPostprocessing = 0;
		};
		FD8E4E9D2960A2800091782A /* Sources */ = {
			isa = PBXSourcesBuildPhase;
			buildActionMask = 2147483647;
			files = (
				FD8E4EA82960A2800091782A /* iXlandUITestsLaunchTests.swift in Sources */,
				FD8E4EA62960A2800091782A /* iXlandUITests.swift in Sources */,
			);
			runOnlyForDeploymentPostprocessing = 0;
		};
/* End PBXSourcesBuildPhase section */

/* Begin PBXTargetDependency section */
		FD8E4E992960A2800091782A /* PBXTargetDependency */ = {
			isa = PBXTargetDependency;
			target = FD8E4E802960A27F0091782A /* iXland */;
			targetProxy = FD8E4E982960A2800091782A /* PBXContainerItemProxy */;
		};
		FD8E4EA32960A2800091782A /* PBXTargetDependency */ = {
			isa = PBXTargetDependency;
			target = FD8E4E802960A27F0091782A /* iXland */;
			targetProxy = FD8E4EA22960A2800091782A /* PBXContainerItemProxy */;
		};
/* End PBXTargetDependency section */

/* Begin PBXVariantGroup section */
		FD254FC7296B233000B26C82 /* Localizable.strings */ = {
			isa = PBXVariantGroup;
			children = (
				FD254FC6296B233000B26C82 /* zh-Hans */,
				FD254FC8296B233700B26C82 /* en */,
			);
			name = Localizable.strings;
			sourceTree = "<group>";
		};
		FDAE3106296C72F7006252EF /* InfoPlist.strings */ = {
			isa = PBXVariantGroup;
			children = (
				FDAE3105296C72F7006252EF /* en */,
				FDAE3107296C72F9006252EF /* zh-Hans */,
			);
			name = InfoPlist.strings;
			sourceTree = "<group>";
		};
/* End PBXVariantGroup section */

/* Begin XCBuildConfiguration section */
		FD8E4EA92960A2800091782A /* Debug */ = {
			isa = XCBuildConfiguration;
			buildSettings = {
				ALWAYS_SEARCH_USER_PATHS = NO;
				CLANG_ANALYZER_NONNULL = YES;
				CLANG_ANALYZER_NUMBER_OBJECT_CONVERSION = YES_AGGRESSIVE;
				CLANG_CXX_LANGUAGE_STANDARD = "gnu++20";
				CLANG_ENABLE_MODULES = YES;
				CLANG_ENABLE_OBJC_ARC = YES;
				CLANG_ENABLE_OBJC_WEAK = YES;
				CLANG_WARN_BLOCK_CAPTURE_AUTORELEASING = YES;
				CLANG_WARN_BOOL_CONVERSION = YES;
				CLANG_WARN_COMMA = YES;
				CLANG_WARN_CONSTANT_CONVERSION = YES;
				CLANG_WARN_DEPRECATED_OBJC_IMPLEMENTATIONS = YES;
				CLANG_WARN_DIRECT_OBJC_ISA_USAGE = YES_ERROR;
				CLANG_WARN_DOCUMENTATION_COMMENTS = YES;
				CLANG_WARN_EMPTY_BODY = YES;
				CLANG_WARN_ENUM_CONVERSION = YES;
				CLANG_WARN_INFINITE_RECURSION = YES;
				CLANG_WARN_INT_CONVERSION = YES;
				CLANG_WARN_NON_LITERAL_NULL_CONVERSION = YES;
				CLANG_WARN_OBJC_IMPLICIT_RETAIN_SELF = YES;
				CLANG_WARN_OBJC_LITERAL_CONVERSION = YES;
				CLANG_WARN_OBJC_ROOT_CLASS = YES_ERROR;
				CLANG_WARN_QUOTED_INCLUDE_IN_FRAMEWORK_HEADER = YES;
				CLANG_WARN_RANGE_LOOP_ANALYSIS = YES;
				CLANG_WARN_STRICT_PROTOTYPES = YES;
				CLANG_WARN_SUSPICIOUS_MOVE = YES;
				CLANG_WARN_UNGUARDED_AVAILABILITY = YES_AGGRESSIVE;
				CLANG_WARN_UNREACHABLE_CODE = YES;
				CLANG_WARN__DUPLICATE_METHOD_MATCH = YES;
				COPY_PHASE_STRIP = NO;
				DEBUG_INFORMATION_FORMAT = dwarf;
				ENABLE_STRICT_OBJC_MSGSEND = YES;
				ENABLE_TESTABILITY = YES;
				GCC_C_LANGUAGE_STANDARD = gnu11;
				GCC_DYNAMIC_NO_PIC = NO;
				GCC_NO_COMMON_BLOCKS = YES;
				GCC_OPTIMIZATION_LEVEL = 0;
				GCC_PREPROCESSOR_DEFINITIONS = (
					"DEBUG=1",
					"$(inherited)",
				);
				GCC_WARN_64_TO_32_BIT_CONVERSION = YES;
				GCC_WARN_ABOUT_RETURN_TYPE = YES_ERROR;
				GCC_WARN_UNDECLARED_SELECTOR = YES;
				GCC_WARN_UNINITIALIZED_AUTOS = YES_AGGRESSIVE;
				GCC_WARN_UNUSED_FUNCTION = YES;
				GCC_WARN_UNUSED_VARIABLE = YES;
				IPHONEOS_DEPLOYMENT_TARGET = 16.0;
				MTL_ENABLE_DEBUG_INFO = INCLUDE_SOURCE;
				MTL_FAST_MATH = YES;
				ONLY_ACTIVE_ARCH = YES;
				SDKROOT = iphoneos;
				SWIFT_ACTIVE_COMPILATION_CONDITIONS = DEBUG;
				SWIFT_OPTIMIZATION_LEVEL = "-Onone";
			};
			name = Debug;
		};
		FD8E4EAA2960A2800091782A /* Release */ = {
			isa = XCBuildConfiguration;
			buildSettings = {
				ALWAYS_SEARCH_USER_PATHS = NO;
				CLANG_ANALYZER_NONNULL = YES;
				CLANG_ANALYZER_NUMBER_OBJECT_CONVERSION = YES_AGGRESSIVE;
				CLANG_CXX_LANGUAGE_STANDARD = "gnu++20";
				CLANG_ENABLE_MODULES = YES;
				CLANG_ENABLE_OBJC_ARC = YES;
				CLANG_ENABLE_OBJC_WEAK = YES;
				CLANG_WARN_BLOCK_CAPTURE_AUTORELEASING = YES;
				CLANG_WARN_BOOL_CONVERSION = YES;
				CLANG_WARN_COMMA = YES;
				CLANG_WARN_CONSTANT_CONVERSION = YES;
				CLANG_WARN_DEPRECATED_OBJC_IMPLEMENTATIONS = YES;
				CLANG_WARN_DIRECT_OBJC_ISA_USAGE = YES_ERROR;
				CLANG_WARN_DOCUMENTATION_COMMENTS = YES;
				CLANG_WARN_EMPTY_BODY = YES;
				CLANG_WARN_ENUM_CONVERSION = YES;
				CLANG_WARN_INFINITE_RECURSION = YES;
				CLANG_WARN_INT_CONVERSION = YES;
				CLANG_WARN_NON_LITERAL_NULL_CONVERSION = YES;
				CLANG_WARN_OBJC_IMPLICIT_RETAIN_SELF = YES;
				CLANG_WARN_OBJC_LITERAL_CONVERSION = YES;
				CLANG_WARN_OBJC_ROOT_CLASS = YES_ERROR;
				CLANG_WARN_QUOTED_INCLUDE_IN_FRAMEWORK_HEADER = YES;
				CLANG_WARN_RANGE_LOOP_ANALYSIS = YES;
				CLANG_WARN_STRICT_PROTOTYPES = YES;
				CLANG_WARN_SUSPICIOUS_MOVE = YES;
				CLANG_WARN_UNGUARDED_AVAILABILITY = YES_AGGRESSIVE;
				CLANG_WARN_UNREACHABLE_CODE = YES;
				CLANG_WARN__DUPLICATE_METHOD_MATCH = YES;
				COPY_PHASE_STRIP = NO;
				DEBUG_INFORMATION_FORMAT = "dwarf-with-dsym";
				ENABLE_NS_ASSERTIONS = NO;
				ENABLE_STRICT_OBJC_MSGSEND = YES;
				GCC_C_LANGUAGE_STANDARD = gnu11;
				GCC_NO_COMMON_BLOCKS = YES;
				GCC_WARN_64_TO_32_BIT_CONVERSION = YES;
				GCC_WARN_ABOUT_RETURN_TYPE = YES_ERROR;
				GCC_WARN_UNDECLARED_SELECTOR = YES;
				GCC_WARN_UNINITIALIZED_AUTOS = YES_AGGRESSIVE;
				GCC_WARN_UNUSED_FUNCTION = YES;
				GCC_WARN_UNUSED_VARIABLE = YES;
				IPHONEOS_DEPLOYMENT_TARGET = 16.0;
				MTL_ENABLE_DEBUG_INFO = NO;
				MTL_FAST_MATH = YES;
				SDKROOT = iphoneos;
				SWIFT_COMPILATION_MODE = wholemodule;
				SWIFT_OPTIMIZATION_LEVEL = "-O";
				VALIDATE_PRODUCT = YES;
			};
			name = Release;
		};
		FD8E4EAC2960A2800091782A /* Debug */ = {
			isa = XCBuildConfiguration;
			buildSettings = {
				ASSETCATALOG_COMPILER_APPICON_NAME = AppIcon;
				ASSETCATALOG_COMPILER_GLOBAL_ACCENT_COLOR_NAME = AccentColor;
				CODE_SIGN_STYLE = Automatic;
				CURRENT_PROJECT_VERSION = 1;
				DEVELOPMENT_ASSET_PATHS = "\"iXland/Preview Content\"";
				DEVELOPMENT_TEAM = 7X6JJBWX93;
				ENABLE_PREVIEWS = YES;
				GENERATE_INFOPLIST_FILE = YES;
				INFOPLIST_FILE = iXland/Info.plist;
				INFOPLIST_KEY_CFBundleDisplayName = iXland;
				INFOPLIST_KEY_LSApplicationCategoryType = "public.app-category.social-networking";
				INFOPLIST_KEY_NSCameraUsageDescription = "";
				INFOPLIST_KEY_UIApplicationSceneManifest_Generation = YES;
				INFOPLIST_KEY_UIApplicationSupportsIndirectInputEvents = YES;
				INFOPLIST_KEY_UILaunchScreen_Generation = YES;
				INFOPLIST_KEY_UISupportedInterfaceOrientations = UIInterfaceOrientationPortrait;
				INFOPLIST_KEY_UISupportedInterfaceOrientations_iPad = "UIInterfaceOrientationLandscapeLeft UIInterfaceOrientationLandscapeRight UIInterfaceOrientationPortrait UIInterfaceOrientationPortraitUpsideDown";
				IPHONEOS_DEPLOYMENT_TARGET = 16.0;
				LD_RUNPATH_SEARCH_PATHS = (
					"$(inherited)",
					"@executable_path/Frameworks",
				);
				MARKETING_VERSION = 1.0;
				PRODUCT_BUNDLE_IDENTIFIER = com.boris1993.iXland;
				PRODUCT_NAME = "$(TARGET_NAME)";
				SUPPORTED_PLATFORMS = "iphoneos iphonesimulator";
				SUPPORTS_MACCATALYST = NO;
				SUPPORTS_MAC_DESIGNED_FOR_IPHONE_IPAD = NO;
				SWIFT_EMIT_LOC_STRINGS = YES;
				SWIFT_VERSION = 5.0;
				TARGETED_DEVICE_FAMILY = 1;
			};
			name = Debug;
		};
		FD8E4EAD2960A2800091782A /* Release */ = {
			isa = XCBuildConfiguration;
			buildSettings = {
				ASSETCATALOG_COMPILER_APPICON_NAME = AppIcon;
				ASSETCATALOG_COMPILER_GLOBAL_ACCENT_COLOR_NAME = AccentColor;
				CODE_SIGN_STYLE = Automatic;
				CURRENT_PROJECT_VERSION = 1;
				DEVELOPMENT_ASSET_PATHS = "\"iXland/Preview Content\"";
				DEVELOPMENT_TEAM = 7X6JJBWX93;
				ENABLE_PREVIEWS = YES;
				GENERATE_INFOPLIST_FILE = YES;
				INFOPLIST_FILE = iXland/Info.plist;
				INFOPLIST_KEY_CFBundleDisplayName = iXland;
				INFOPLIST_KEY_LSApplicationCategoryType = "public.app-category.social-networking";
				INFOPLIST_KEY_NSCameraUsageDescription = "";
				INFOPLIST_KEY_UIApplicationSceneManifest_Generation = YES;
				INFOPLIST_KEY_UIApplicationSupportsIndirectInputEvents = YES;
				INFOPLIST_KEY_UILaunchScreen_Generation = YES;
				INFOPLIST_KEY_UISupportedInterfaceOrientations = UIInterfaceOrientationPortrait;
				INFOPLIST_KEY_UISupportedInterfaceOrientations_iPad = "UIInterfaceOrientationLandscapeLeft UIInterfaceOrientationLandscapeRight UIInterfaceOrientationPortrait UIInterfaceOrientationPortraitUpsideDown";
				IPHONEOS_DEPLOYMENT_TARGET = 16.0;
				LD_RUNPATH_SEARCH_PATHS = (
					"$(inherited)",
					"@executable_path/Frameworks",
				);
				MARKETING_VERSION = 1.0;
				PRODUCT_BUNDLE_IDENTIFIER = com.boris1993.iXland;
				PRODUCT_NAME = "$(TARGET_NAME)";
				SUPPORTED_PLATFORMS = "iphoneos iphonesimulator";
				SUPPORTS_MACCATALYST = NO;
				SUPPORTS_MAC_DESIGNED_FOR_IPHONE_IPAD = NO;
				SWIFT_EMIT_LOC_STRINGS = YES;
				SWIFT_VERSION = 5.0;
				TARGETED_DEVICE_FAMILY = 1;
			};
			name = Release;
		};
		FD8E4EAF2960A2800091782A /* Debug */ = {
			isa = XCBuildConfiguration;
			buildSettings = {
				ALWAYS_EMBED_SWIFT_STANDARD_LIBRARIES = YES;
				BUNDLE_LOADER = "$(TEST_HOST)";
				CODE_SIGN_STYLE = Automatic;
				CURRENT_PROJECT_VERSION = 1;
				DEVELOPMENT_TEAM = 7X6JJBWX93;
				GENERATE_INFOPLIST_FILE = YES;
				IPHONEOS_DEPLOYMENT_TARGET = 16.2;
				MARKETING_VERSION = 1.0;
				PRODUCT_BUNDLE_IDENTIFIER = com.boris1993.iXlandTests;
				PRODUCT_NAME = "$(TARGET_NAME)";
				SWIFT_EMIT_LOC_STRINGS = NO;
				SWIFT_VERSION = 5.0;
				TARGETED_DEVICE_FAMILY = "1,2";
				TEST_HOST = "$(BUILT_PRODUCTS_DIR)/iXland.app/$(BUNDLE_EXECUTABLE_FOLDER_PATH)/iXland";
			};
			name = Debug;
		};
		FD8E4EB02960A2800091782A /* Release */ = {
			isa = XCBuildConfiguration;
			buildSettings = {
				ALWAYS_EMBED_SWIFT_STANDARD_LIBRARIES = YES;
				BUNDLE_LOADER = "$(TEST_HOST)";
				CODE_SIGN_STYLE = Automatic;
				CURRENT_PROJECT_VERSION = 1;
				DEVELOPMENT_TEAM = 7X6JJBWX93;
				GENERATE_INFOPLIST_FILE = YES;
				IPHONEOS_DEPLOYMENT_TARGET = 16.2;
				MARKETING_VERSION = 1.0;
				PRODUCT_BUNDLE_IDENTIFIER = com.boris1993.iXlandTests;
				PRODUCT_NAME = "$(TARGET_NAME)";
				SWIFT_EMIT_LOC_STRINGS = NO;
				SWIFT_VERSION = 5.0;
				TARGETED_DEVICE_FAMILY = "1,2";
				TEST_HOST = "$(BUILT_PRODUCTS_DIR)/iXland.app/$(BUNDLE_EXECUTABLE_FOLDER_PATH)/iXland";
			};
			name = Release;
		};
		FD8E4EB22960A2800091782A /* Debug */ = {
			isa = XCBuildConfiguration;
			buildSettings = {
				ALWAYS_EMBED_SWIFT_STANDARD_LIBRARIES = YES;
				CODE_SIGN_STYLE = Automatic;
				CURRENT_PROJECT_VERSION = 1;
				DEVELOPMENT_TEAM = 7X6JJBWX93;
				GENERATE_INFOPLIST_FILE = YES;
				MARKETING_VERSION = 1.0;
				PRODUCT_BUNDLE_IDENTIFIER = com.boris1993.iXlandUITests;
				PRODUCT_NAME = "$(TARGET_NAME)";
				SWIFT_EMIT_LOC_STRINGS = NO;
				SWIFT_VERSION = 5.0;
				TARGETED_DEVICE_FAMILY = "1,2";
				TEST_TARGET_NAME = iXland;
			};
			name = Debug;
		};
		FD8E4EB32960A2800091782A /* Release */ = {
			isa = XCBuildConfiguration;
			buildSettings = {
				ALWAYS_EMBED_SWIFT_STANDARD_LIBRARIES = YES;
				CODE_SIGN_STYLE = Automatic;
				CURRENT_PROJECT_VERSION = 1;
				DEVELOPMENT_TEAM = 7X6JJBWX93;
				GENERATE_INFOPLIST_FILE = YES;
				MARKETING_VERSION = 1.0;
				PRODUCT_BUNDLE_IDENTIFIER = com.boris1993.iXlandUITests;
				PRODUCT_NAME = "$(TARGET_NAME)";
				SWIFT_EMIT_LOC_STRINGS = NO;
				SWIFT_VERSION = 5.0;
				TARGETED_DEVICE_FAMILY = "1,2";
				TEST_TARGET_NAME = iXland;
			};
			name = Release;
		};
/* End XCBuildConfiguration section */

/* Begin XCConfigurationList section */
		FD8E4E7C2960A27F0091782A /* Build configuration list for PBXProject "iXland" */ = {
			isa = XCConfigurationList;
			buildConfigurations = (
				FD8E4EA92960A2800091782A /* Debug */,
				FD8E4EAA2960A2800091782A /* Release */,
			);
			defaultConfigurationIsVisible = 0;
			defaultConfigurationName = Release;
		};
		FD8E4EAB2960A2800091782A /* Build configuration list for PBXNativeTarget "iXland" */ = {
			isa = XCConfigurationList;
			buildConfigurations = (
				FD8E4EAC2960A2800091782A /* Debug */,
				FD8E4EAD2960A2800091782A /* Release */,
			);
			defaultConfigurationIsVisible = 0;
			defaultConfigurationName = Release;
		};
		FD8E4EAE2960A2800091782A /* Build configuration list for PBXNativeTarget "iXlandTests" */ = {
			isa = XCConfigurationList;
			buildConfigurations = (
				FD8E4EAF2960A2800091782A /* Debug */,
				FD8E4EB02960A2800091782A /* Release */,
			);
			defaultConfigurationIsVisible = 0;
			defaultConfigurationName = Release;
		};
		FD8E4EB12960A2800091782A /* Build configuration list for PBXNativeTarget "iXlandUITests" */ = {
			isa = XCConfigurationList;
			buildConfigurations = (
				FD8E4EB22960A2800091782A /* Debug */,
				FD8E4EB32960A2800091782A /* Release */,
			);
			defaultConfigurationIsVisible = 0;
			defaultConfigurationName = Release;
		};
/* End XCConfigurationList section */

/* Begin XCRemoteSwiftPackageReference section */
		FDAE30F9296C4F12006252EF /* XCRemoteSwiftPackageReference "CodeScanner" */ = {
			isa = XCRemoteSwiftPackageReference;
			repositoryURL = "https://github.com/twostraws/CodeScanner";
			requirement = {
				kind = upToNextMajorVersion;
				minimumVersion = 2.0.0;
			};
		};
		FDAE30FF296C6241006252EF /* XCRemoteSwiftPackageReference "AlertToast" */ = {
			isa = XCRemoteSwiftPackageReference;
			repositoryURL = "https://github.com/elai950/AlertToast.git";
			requirement = {
				kind = upToNextMajorVersion;
				minimumVersion = 1.0.0;
			};
		};
		FDAE310A296D61DF006252EF /* XCRemoteSwiftPackageReference "ImagePickerView" */ = {
			isa = XCRemoteSwiftPackageReference;
			repositoryURL = "https://github.com/ralfebert/ImagePickerView";
			requirement = {
				kind = upToNextMajorVersion;
				minimumVersion = 0.5.0;
			};
		};
		FDAE310D296D62C5006252EF /* XCRemoteSwiftPackageReference "zxingify-objc" */ = {
			isa = XCRemoteSwiftPackageReference;
			repositoryURL = "https://github.com/zxingify/zxingify-objc";
			requirement = {
				kind = upToNextMajorVersion;
				minimumVersion = 3.0.0;
			};
		};
/* End XCRemoteSwiftPackageReference section */

/* Begin XCSwiftPackageProductDependency section */
		FDAE30FA296C4F12006252EF /* CodeScanner */ = {
			isa = XCSwiftPackageProductDependency;
			package = FDAE30F9296C4F12006252EF /* XCRemoteSwiftPackageReference "CodeScanner" */;
			productName = CodeScanner;
		};
		FDAE3100296C6241006252EF /* AlertToast */ = {
			isa = XCSwiftPackageProductDependency;
			package = FDAE30FF296C6241006252EF /* XCRemoteSwiftPackageReference "AlertToast" */;
			productName = AlertToast;
		};
		FDAE310B296D61DF006252EF /* ImagePickerView */ = {
			isa = XCSwiftPackageProductDependency;
			package = FDAE310A296D61DF006252EF /* XCRemoteSwiftPackageReference "ImagePickerView" */;
			productName = ImagePickerView;
		};
		FDAE310E296D62C5006252EF /* ZXingObjC */ = {
			isa = XCSwiftPackageProductDependency;
			package = FDAE310D296D62C5006252EF /* XCRemoteSwiftPackageReference "zxingify-objc" */;
			productName = ZXingObjC;
		};
/* End XCSwiftPackageProductDependency section */

/* Begin XCVersionGroup section */
		FD8E4E8F2960A2800091782A /* iXland.xcdatamodeld */ = {
			isa = XCVersionGroup;
			children = (
				FD8E4E902960A2800091782A /* iXland.xcdatamodel */,
			);
			currentVersion = FD8E4E902960A2800091782A /* iXland.xcdatamodel */;
			path = iXland.xcdatamodeld;
			sourceTree = "<group>";
			versionGroupType = wrapper.xcdatamodel;
		};
/* End XCVersionGroup section */
	};
	rootObject = FD8E4E792960A27F0091782A /* Project object */;
}
